{
  "nodes": {
    "barli": {
      "inputs": {
        "nixpkgs": [
          "ron-pkgs",
          "nixpkgs"
        ]
      },
      "locked": {
        "lastModified": 1761178777,
        "narHash": "sha256-eFpp05WU2PAF9WKYTofbdJTob4AVlgPr3U/lPt166Cw=",
        "owner": "rooyca",
        "repo": "barli-c",
        "rev": "5d9f25360248d469dd0cf320690213917da6bc30",
        "type": "github"
      },
      "original": {
        "owner": "rooyca",
        "repo": "barli-c",
        "type": "github"
      }
    },
    "barli-rust": {
      "inputs": {
        "nixpkgs": [
          "ron-pkgs",
          "nixpkgs"
        ]
      },
      "locked": {
        "lastModified": 1757629026,
        "narHash": "sha256-Kn145P5c73DF3+M9kwYFO/pY+xa8r392T+0UzORzutc=",
        "owner": "rooyca",
        "repo": "barli",
        "rev": "20046e04962ab239e52673eee909f990e1f474f2",
        "type": "github"
      },
      "original": {
        "owner": "rooyca",
        "repo": "barli",
        "type": "github"
      }
    },
    "home-manager": {
      "inputs": {
        "nixpkgs": [
          "nixpkgs"
        ]
      },
      "locked": {
        "lastModified": 1766282146,
        "narHash": "sha256-0V/nKU93KdYGi+5LB/MVo355obBJw/2z9b2xS3bPJxY=",
        "owner": "nix-community",
        "repo": "home-manager",
        "rev": "61fcc9de76b88e55578eb5d79fc80f2b236df707",
        "type": "github"
      },
      "original": {
        "owner": "nix-community",
        "repo": "home-manager",
        "type": "github"
      }
    },
    "minipm": {
      "inputs": {
        "nixpkgs": [
          "ron-pkgs",
          "nixpkgs"
        ]
      },
      "locked": {
        "lastModified": 1757617243,
        "narHash": "sha256-q5bO4nK5CgDCNFrxLuKO8QR8GsgQcUtF/Qs80F8khhE=",
        "owner": "rooyca",
        "repo": "minipm",
        "rev": "100f92475fb3455c7749d133a8bee6d7ad351932",
        "type": "github"
      },
      "original": {
        "owner": "rooyca",
        "repo": "minipm",
        "type": "github"
      }
    },
    "nixpkgs": {
      "locked": {
        "lastModified": 1766070988,
        "narHash": "sha256-G/WVghka6c4bAzMhTwT2vjLccg/awmHkdKSd2JrycLc=",
        "owner": "nixos",
        "repo": "nixpkgs",
        "rev": "c6245e83d836d0433170a16eb185cefe0572f8b8",
        "type": "github"
      },
      "original": {
        "owner": "nixos",
        "ref": "nixos-unstable",
        "repo": "nixpkgs",
        "type": "github"
      }
    },
    "ron-pkgs": {
      "inputs": {
        "barli": "barli",
        "barli-rust": "barli-rust",
        "minipm": "minipm",
        "nixpkgs": [
          "nixpkgs"
        ]
      },
      "locked": {
        "lastModified": 1761178841,
        "narHash": "sha256-n9iM+DYih8z33enoPBinC+aPA7R4Jm3XENCG6P4YWIk=",
        "owner": "rooyca",
        "repo": "ron-pkgs",
        "rev": "d95a79fc23900afbbba2d9b171cc0d82151f55de",
        "type": "github"
      },
      "original": {
        "owner": "rooyca",
        "repo": "ron-pkgs",
        "type": "github"
      }
    },
    "root": {
      "inputs": {
        "home-manager": "home-manager",
        "nixpkgs": "nixpkgs",
        "ron-pkgs": "ron-pkgs"
      }
    }
  },
  "root": "root",
  "version": 7
}
