{
  "nodes": {
    "barli": {
      "inputs": {
        "nixpkgs": [
          "ron-pkgs",
          "nixpkgs"
        ]
      },
      "locked": {
        "lastModified": 1761178777,
        "narHash": "sha256-eFpp05WU2PAF9WKYTofbdJTob4AVlgPr3U/lPt166Cw=",
        "owner": "rooyca",
        "repo": "barli-c",
        "rev": "5d9f25360248d469dd0cf320690213917da6bc30",
        "type": "github"
      },
      "original": {
        "owner": "rooyca",
        "repo": "barli-c",
        "type": "github"
      }
    },
    "barli-rust": {
      "inputs": {
        "nixpkgs": [
          "ron-pkgs",
          "nixpkgs"
        ]
      },
      "locked": {
        "lastModified": 1757629026,
        "narHash": "sha256-Kn145P5c73DF3+M9kwYFO/pY+xa8r392T+0UzORzutc=",
        "owner": "rooyca",
        "repo": "barli",
        "rev": "20046e04962ab239e52673eee909f990e1f474f2",
        "type": "github"
      },
      "original": {
        "owner": "rooyca",
        "repo": "barli",
        "type": "github"
      }
    },
    "home-manager": {
      "inputs": {
        "nixpkgs": [
          "nixpkgs"
        ]
      },
      "locked": {
        "lastModified": 1769978395,
        "narHash": "sha256-gj1yP3spUb1vGtaF5qPhshd2j0cg4xf51pklDsIm19Q=",
        "owner": "nix-community",
        "repo": "home-manager",
        "rev": "984708c34d3495a518e6ab6b8633469bbca2f77a",
        "type": "github"
      },
      "original": {
        "owner": "nix-community",
        "repo": "home-manager",
        "type": "github"
      }
    },
    "minipm": {
      "inputs": {
        "nixpkgs": [
          "ron-pkgs",
          "nixpkgs"
        ]
      },
      "locked": {
        "lastModified": 1757617243,
        "narHash": "sha256-q5bO4nK5CgDCNFrxLuKO8QR8GsgQcUtF/Qs80F8khhE=",
        "owner": "rooyca",
        "repo": "minipm",
        "rev": "100f92475fb3455c7749d133a8bee6d7ad351932",
        "type": "github"
      },
      "original": {
        "owner": "rooyca",
        "repo": "minipm",
        "type": "github"
      }
    },
    "nixpkgs": {
      "locked": {
        "lastModified": 1769789167,
        "narHash": "sha256-kKB3bqYJU5nzYeIROI82Ef9VtTbu4uA3YydSk/Bioa8=",
        "owner": "nixos",
        "repo": "nixpkgs",
        "rev": "62c8382960464ceb98ea593cb8321a2cf8f9e3e5",
        "type": "github"
      },
      "original": {
        "owner": "nixos",
        "ref": "nixos-unstable",
        "repo": "nixpkgs",
        "type": "github"
      }
    },
    "ron-pkgs": {
      "inputs": {
        "barli": "barli",
        "barli-rust": "barli-rust",
        "minipm": "minipm",
        "nixpkgs": [
          "nixpkgs"
        ]
      },
      "locked": {
        "lastModified": 1770010131,
        "narHash": "sha256-K027XVc5jodwu43P4w/T/oJ/KW8fyfjWz1jE/uHHdkc=",
        "owner": "rooyca",
        "repo": "ron-pkgs",
        "rev": "352517be27a0b938db7e9713fb27751c6159c278",
        "type": "github"
      },
      "original": {
        "owner": "rooyca",
        "repo": "ron-pkgs",
        "type": "github"
      }
    },
    "root": {
      "inputs": {
        "home-manager": "home-manager",
        "nixpkgs": "nixpkgs",
        "ron-pkgs": "ron-pkgs"
      }
    }
  },
  "root": "root",
  "version": 7
}
